// !$*UTF8*$!
{
	archiveVersion = 1;
	classes = {
	};
	objectVersion = 50;
	objects = {

/* Begin PBXBuildFile section */
		BF46CB0C26BA6A0100ABE887 /* NotAnApiApp.swift in Sources */ = {isa = PBXBuildFile; fileRef = BF46CB0B26BA6A0100ABE887 /* NotAnApiApp.swift */; };
		BF46CB0E26BA6A0100ABE887 /* ContentView.swift in Sources */ = {isa = PBXBuildFile; fileRef = BF46CB0D26BA6A0100ABE887 /* ContentView.swift */; };
		BF46CB1026BA6A0400ABE887 /* Assets.xcassets in Resources */ = {isa = PBXBuildFile; fileRef = BF46CB0F26BA6A0400ABE887 /* Assets.xcassets */; };
		BF46CB1326BA6A0400ABE887 /* Preview Assets.xcassets in Resources */ = {isa = PBXBuildFile; fileRef = BF46CB1226BA6A0400ABE887 /* Preview Assets.xcassets */; };
		BF46CB1E26BA6A0500ABE887 /* NotAnApiTests.swift in Sources */ = {isa = PBXBuildFile; fileRef = BF46CB1D26BA6A0500ABE887 /* NotAnApiTests.swift */; };
		BF46CB2926BA6A0500ABE887 /* NotAnApiUITests.swift in Sources */ = {isa = PBXBuildFile; fileRef = BF46CB2826BA6A0500ABE887 /* NotAnApiUITests.swift */; };
		BF46CB3726BA6C8100ABE887 /* ListFood.swift in Sources */ = {isa = PBXBuildFile; fileRef = BF46CB3626BA6C8100ABE887 /* ListFood.swift */; };
		BF46CB3926BA70D700ABE887 /* AddFoodView.swift in Sources */ = {isa = PBXBuildFile; fileRef = BF46CB3826BA70D700ABE887 /* AddFoodView.swift */; };
/* End PBXBuildFile section */

/* Begin PBXContainerItemProxy section */
		BF46CB1A26BA6A0500ABE887 /* PBXContainerItemProxy */ = {
			isa = PBXContainerItemProxy;
			containerPortal = BF46CB0026BA6A0100ABE887 /* Project object */;
			proxyType = 1;
			remoteGlobalIDString = BF46CB0726BA6A0100ABE887;
			remoteInfo = NotAnApi;
		};
		BF46CB2526BA6A0500ABE887 /* PBXContainerItemProxy */ = {
			isa = PBXContainerItemProxy;
			containerPortal = BF46CB0026BA6A0100ABE887 /* Project object */;
			proxyType = 1;
			remoteGlobalIDString = BF46CB0726BA6A0100ABE887;
			remoteInfo = NotAnApi;
		};
/* End PBXContainerItemProxy section */

/* Begin PBXFileReference section */
		BF46CB0826BA6A0100ABE887 /* NotAnApi.app */ = {isa = PBXFileReference; explicitFileType = wrapper.application; includeInIndex = 0; path = NotAnApi.app; sourceTree = BUILT_PRODUCTS_DIR; };
		BF46CB0B26BA6A0100ABE887 /* NotAnApiApp.swift */ = {isa = PBXFileReference; lastKnownFileType = sourcecode.swift; path = NotAnApiApp.swift; sourceTree = "<group>"; };
		BF46CB0D26BA6A0100ABE887 /* ContentView.swift */ = {isa = PBXFileReference; lastKnownFileType = sourcecode.swift; path = ContentView.swift; sourceTree = "<group>"; };
		BF46CB0F26BA6A0400ABE887 /* Assets.xcassets */ = {isa = PBXFileReference; lastKnownFileType = folder.assetcatalog; path = Assets.xcassets; sourceTree = "<group>"; };
		BF46CB1226BA6A0400ABE887 /* Preview Assets.xcassets */ = {isa = PBXFileReference; lastKnownFileType = folder.assetcatalog; path = "Preview Assets.xcassets"; sourceTree = "<group>"; };
		BF46CB1426BA6A0400ABE887 /* Info.plist */ = {isa = PBXFileReference; lastKnownFileType = text.plist.xml; path = Info.plist; sourceTree = "<group>"; };
		BF46CB1926BA6A0500ABE887 /* NotAnApiTests.xctest */ = {isa = PBXFileReference; explicitFileType = wrapper.cfbundle; includeInIndex = 0; path = NotAnApiTests.xctest; sourceTree = BUILT_PRODUCTS_DIR; };
		BF46CB1D26BA6A0500ABE887 /* NotAnApiTests.swift */ = {isa = PBXFileReference; lastKnownFileType = sourcecode.swift; path = NotAnApiTests.swift; sourceTree = "<group>"; };
		BF46CB1F26BA6A0500ABE887 /* Info.plist */ = {isa = PBXFileReference; lastKnownFileType = text.plist.xml; path = Info.plist; sourceTree = "<group>"; };
		BF46CB2426BA6A0500ABE887 /* NotAnApiUITests.xctest */ = {isa = PBXFileReference; explicitFileType = wrapper.cfbundle; includeInIndex = 0; path = NotAnApiUITests.xctest; sourceTree = BUILT_PRODUCTS_DIR; };
		BF46CB2826BA6A0500ABE887 /* NotAnApiUITests.swift */ = {isa = PBXFileReference; lastKnownFileType = sourcecode.swift; path = NotAnApiUITests.swift; sourceTree = "<group>"; };
		BF46CB2A26BA6A0500ABE887 /* Info.plist */ = {isa = PBXFileReference; lastKnownFileType = text.plist.xml; path = Info.plist; sourceTree = "<group>"; };
		BF46CB3626BA6C8100ABE887 /* ListFood.swift */ = {isa = PBXFileReference; lastKnownFileType = sourcecode.swift; path = ListFood.swift; sourceTree = "<group>"; };
		BF46CB3826BA70D700ABE887 /* AddFoodView.swift */ = {isa = PBXFileReference; lastKnownFileType = sourcecode.swift; path = AddFoodView.swift; sourceTree = "<group>"; };
/* End PBXFileReference section */

/* Begin PBXFrameworksBuildPhase section */
		BF46CB0526BA6A0100ABE887 /* Frameworks */ = {
			isa = PBXFrameworksBuildPhase;
			buildActionMask = 2147483647;
			files = (
			);
			runOnlyForDeploymentPostprocessing = 0;
		};
		BF46CB1626BA6A0500ABE887 /* Frameworks */ = {
			isa = PBXFrameworksBuildPhase;
			buildActionMask = 2147483647;
			files = (
			);
			runOnlyForDeploymentPostprocessing = 0;
		};
		BF46CB2126BA6A0500ABE887 /* Frameworks */ = {
			isa = PBXFrameworksBuildPhase;
			buildActionMask = 2147483647;
			files = (
			);
			runOnlyForDeploymentPostprocessing = 0;
		};
/* End PBXFrameworksBuildPhase section */

/* Begin PBXGroup section */
		BF46CAFF26BA6A0100ABE887 = {
			isa = PBXGroup;
			children = (
				BF46CB0A26BA6A0100ABE887 /* NotAnApi */,
				BF46CB1C26BA6A0500ABE887 /* NotAnApiTests */,
				BF46CB2726BA6A0500ABE887 /* NotAnApiUITests */,
				BF46CB0926BA6A0100ABE887 /* Products */,
			);
			sourceTree = "<group>";
		};
		BF46CB0926BA6A0100ABE887 /* Products */ = {
			isa = PBXGroup;
			children = (
				BF46CB0826BA6A0100ABE887 /* NotAnApi.app */,
				BF46CB1926BA6A0500ABE887 /* NotAnApiTests.xctest */,
				BF46CB2426BA6A0500ABE887 /* NotAnApiUITests.xctest */,
			);
			name = Products;
			sourceTree = "<group>";
		};
		BF46CB0A26BA6A0100ABE887 /* NotAnApi */ = {
			isa = PBXGroup;
			children = (
				BF46CB0B26BA6A0100ABE887 /* NotAnApiApp.swift */,
				BF46CB0D26BA6A0100ABE887 /* ContentView.swift */,
				BF46CB3826BA70D700ABE887 /* AddFoodView.swift */,
				BF46CB3626BA6C8100ABE887 /* ListFood.swift */,
				BF46CB0F26BA6A0400ABE887 /* Assets.xcassets */,
				BF46CB1426BA6A0400ABE887 /* Info.plist */,
				BF46CB1126BA6A0400ABE887 /* Preview Content */,
			);
			path = NotAnApi;
			sourceTree = "<group>";
		};
		BF46CB1126BA6A0400ABE887 /* Preview Content */ = {
			isa = PBXGroup;
			children = (
				BF46CB1226BA6A0400ABE887 /* Preview Assets.xcassets */,
			);
			path = "Preview Content";
			sourceTree = "<group>";
		};
		BF46CB1C26BA6A0500ABE887 /* NotAnApiTests */ = {
			isa = PBXGroup;
			children = (
				BF46CB1D26BA6A0500ABE887 /* NotAnApiTests.swift */,
				BF46CB1F26BA6A0500ABE887 /* Info.plist */,
			);
			path = NotAnApiTests;
			sourceTree = "<group>";
		};
		BF46CB2726BA6A0500ABE887 /* NotAnApiUITests */ = {
			isa = PBXGroup;
			children = (
				BF46CB2826BA6A0500ABE887 /* NotAnApiUITests.swift */,
				BF46CB2A26BA6A0500ABE887 /* Info.plist */,
			);
			path = NotAnApiUITests;
			sourceTree = "<group>";
		};
/* End PBXGroup section */

/* Begin PBXNativeTarget section */
		BF46CB0726BA6A0100ABE887 /* NotAnApi */ = {
			isa = PBXNativeTarget;
			buildConfigurationList = BF46CB2D26BA6A0500ABE887 /* Build configuration list for PBXNativeTarget "NotAnApi" */;
			buildPhases = (
				BF46CB0426BA6A0100ABE887 /* Sources */,
				BF46CB0526BA6A0100ABE887 /* Frameworks */,
				BF46CB0626BA6A0100ABE887 /* Resources */,
			);
			buildRules = (
			);
			dependencies = (
			);
			name = NotAnApi;
			productName = NotAnApi;
			productReference = BF46CB0826BA6A0100ABE887 /* NotAnApi.app */;
			productType = "com.apple.product-type.application";
		};
		BF46CB1826BA6A0500ABE887 /* NotAnApiTests */ = {
			isa = PBXNativeTarget;
			buildConfigurationList = BF46CB3026BA6A0500ABE887 /* Build configuration list for PBXNativeTarget "NotAnApiTests" */;
			buildPhases = (
				BF46CB1526BA6A0500ABE887 /* Sources */,
				BF46CB1626BA6A0500ABE887 /* Frameworks */,
				BF46CB1726BA6A0500ABE887 /* Resources */,
			);
			buildRules = (
			);
			dependencies = (
				BF46CB1B26BA6A0500ABE887 /* PBXTargetDependency */,
			);
			name = NotAnApiTests;
			productName = NotAnApiTests;
			productReference = BF46CB1926BA6A0500ABE887 /* NotAnApiTests.xctest */;
			productType = "com.apple.product-type.bundle.unit-test";
		};
		BF46CB2326BA6A0500ABE887 /* NotAnApiUITests */ = {
			isa = PBXNativeTarget;
			buildConfigurationList = BF46CB3326BA6A0500ABE887 /* Build configuration list for PBXNativeTarget "NotAnApiUITests" */;
			buildPhases = (
				BF46CB2026BA6A0500ABE887 /* Sources */,
				BF46CB2126BA6A0500ABE887 /* Frameworks */,
				BF46CB2226BA6A0500ABE887 /* Resources */,
			);
			buildRules = (
			);
			dependencies = (
				BF46CB2626BA6A0500ABE887 /* PBXTargetDependency */,
			);
			name = NotAnApiUITests;
			productName = NotAnApiUITests;
			productReference = BF46CB2426BA6A0500ABE887 /* NotAnApiUITests.xctest */;
			productType = "com.apple.product-type.bundle.ui-testing";
		};
/* End PBXNativeTarget section */

/* Begin PBXProject section */
		BF46CB0026BA6A0100ABE887 /* Project object */ = {
			isa = PBXProject;
			attributes = {
				LastSwiftUpdateCheck = 1250;
				LastUpgradeCheck = 1250;
				TargetAttributes = {
					BF46CB0726BA6A0100ABE887 = {
						CreatedOnToolsVersion = 12.5.1;
					};
					BF46CB1826BA6A0500ABE887 = {
						CreatedOnToolsVersion = 12.5.1;
						TestTargetID = BF46CB0726BA6A0100ABE887;
					};
					BF46CB2326BA6A0500ABE887 = {
						CreatedOnToolsVersion = 12.5.1;
						TestTargetID = BF46CB0726BA6A0100ABE887;
					};
				};
			};
			buildConfigurationList = BF46CB0326BA6A0100ABE887 /* Build configuration list for PBXProject "NotAnApi" */;
			compatibilityVersion = "Xcode 9.3";
			developmentRegion = en;
			hasScannedForEncodings = 0;
			knownRegions = (
				en,
				Base,
			);
			mainGroup = BF46CAFF26BA6A0100ABE887;
			productRefGroup = BF46CB0926BA6A0100ABE887 /* Products */;
			projectDirPath = "";
			projectRoot = "";
			targets = (
				BF46CB0726BA6A0100ABE887 /* NotAnApi */,
				BF46CB1826BA6A0500ABE887 /* NotAnApiTests */,
				BF46CB2326BA6A0500ABE887 /* NotAnApiUITests */,
			);
		};
/* End PBXProject section */

/* Begin PBXResourcesBuildPhase section */
		BF46CB0626BA6A0100ABE887 /* Resources */ = {
			isa = PBXResourcesBuildPhase;
			buildActionMask = 2147483647;
			files = (
				BF46CB1326BA6A0400ABE887 /* Preview Assets.xcassets in Resources */,
				BF46CB1026BA6A0400ABE887 /* Assets.xcassets in Resources */,
			);
			runOnlyForDeploymentPostprocessing = 0;
		};
		BF46CB1726BA6A0500ABE887 /* Resources */ = {
			isa = PBXResourcesBuildPhase;
			buildActionMask = 2147483647;
			files = (
			);
			runOnlyForDeploymentPostprocessing = 0;
		};
		BF46CB2226BA6A0500ABE887 /* Resources */ = {
			isa = PBXResourcesBuildPhase;
			buildActionMask = 2147483647;
			files = (
			);
			runOnlyForDeploymentPostprocessing = 0;
		};
/* End PBXResourcesBuildPhase section */

/* Begin PBXSourcesBuildPhase section */
		BF46CB0426BA6A0100ABE887 /* Sources */ = {
			isa = PBXSourcesBuildPhase;
			buildActionMask = 2147483647;
			files = (
				BF46CB3926BA70D700ABE887 /* AddFoodView.swift in Sources */,
				BF46CB0E26BA6A0100ABE887 /* ContentView.swift in Sources */,
				BF46CB3726BA6C8100ABE887 /* ListFood.swift in Sources */,
				BF46CB0C26BA6A0100ABE887 /* NotAnApiApp.swift in Sources */,
			);
			runOnlyForDeploymentPostprocessing = 0;
		};
		BF46CB1526BA6A0500ABE887 /* Sources */ = {
			isa = PBXSourcesBuildPhase;
			buildActionMask = 2147483647;
			files = (
				BF46CB1E26BA6A0500ABE887 /* NotAnApiTests.swift in Sources */,
			);
			runOnlyForDeploymentPostprocessing = 0;
		};
		BF46CB2026BA6A0500ABE887 /* Sources */ = {
			isa = PBXSourcesBuildPhase;
			buildActionMask = 2147483647;
			files = (
				BF46CB2926BA6A0500ABE887 /* NotAnApiUITests.swift in Sources */,
			);
			runOnlyForDeploymentPostprocessing = 0;
		};
/* End PBXSourcesBuildPhase section */

/* Begin PBXTargetDependency section */
		BF46CB1B26BA6A0500ABE887 /* PBXTargetDependency */ = {
			isa = PBXTargetDependency;
			target = BF46CB0726BA6A0100ABE887 /* NotAnApi */;
			targetProxy = BF46CB1A26BA6A0500ABE887 /* PBXContainerItemProxy */;
		};
		BF46CB2626BA6A0500ABE887 /* PBXTargetDependency */ = {
			isa = PBXTargetDependency;
			target = BF46CB0726BA6A0100ABE887 /* NotAnApi */;
			targetProxy = BF46CB2526BA6A0500ABE887 /* PBXContainerItemProxy */;
		};
/* End PBXTargetDependency section */

/* Begin XCBuildConfiguration section */
		BF46CB2B26BA6A0500ABE887 /* Debug */ = {
			isa = XCBuildConfiguration;
			buildSettings = {
				ALWAYS_SEARCH_USER_PATHS = NO;
				CLANG_ANALYZER_NONNULL = YES;
				CLANG_ANALYZER_NUMBER_OBJECT_CONVERSION = YES_AGGRESSIVE;
				CLANG_CXX_LANGUAGE_STANDARD = "gnu++14";
				CLANG_CXX_LIBRARY = "libc++";
				CLANG_ENABLE_MODULES = YES;
				CLANG_ENABLE_OBJC_ARC = YES;
				CLANG_ENABLE_OBJC_WEAK = YES;
				CLANG_WARN_BLOCK_CAPTURE_AUTORELEASING = YES;
				CLANG_WARN_BOOL_CONVERSION = YES;
				CLANG_WARN_COMMA = YES;
				CLANG_WARN_CONSTANT_CONVERSION = YES;
				CLANG_WARN_DEPRECATED_OBJC_IMPLEMENTATIONS = YES;
				CLANG_WARN_DIRECT_OBJC_ISA_USAGE = YES_ERROR;
				CLANG_WARN_DOCUMENTATION_COMMENTS = YES;
				CLANG_WARN_EMPTY_BODY = YES;
				CLANG_WARN_ENUM_CONVERSION = YES;
				CLANG_WARN_INFINITE_RECURSION = YES;
				CLANG_WARN_INT_CONVERSION = YES;
				CLANG_WARN_NON_LITERAL_NULL_CONVERSION = YES;
				CLANG_WARN_OBJC_IMPLICIT_RETAIN_SELF = YES;
				CLANG_WARN_OBJC_LITERAL_CONVERSION = YES;
				CLANG_WARN_OBJC_ROOT_CLASS = YES_ERROR;
				CLANG_WARN_QUOTED_INCLUDE_IN_FRAMEWORK_HEADER = YES;
				CLANG_WARN_RANGE_LOOP_ANALYSIS = YES;
				CLANG_WARN_STRICT_PROTOTYPES = YES;
				CLANG_WARN_SUSPICIOUS_MOVE = YES;
				CLANG_WARN_UNGUARDED_AVAILABILITY = YES_AGGRESSIVE;
				CLANG_WARN_UNREACHABLE_CODE = YES;
				CLANG_WARN__DUPLICATE_METHOD_MATCH = YES;
				COPY_PHASE_STRIP = NO;
				DEBUG_INFORMATION_FORMAT = dwarf;
				ENABLE_STRICT_OBJC_MSGSEND = YES;
				ENABLE_TESTABILITY = YES;
				GCC_C_LANGUAGE_STANDARD = gnu11;
				GCC_DYNAMIC_NO_PIC = NO;
				GCC_NO_COMMON_BLOCKS = YES;
				GCC_OPTIMIZATION_LEVEL = 0;
				GCC_PREPROCESSOR_DEFINITIONS = (
					"DEBUG=1",
					"$(inherited)",
				);
				GCC_WARN_64_TO_32_BIT_CONVERSION = YES;
				GCC_WARN_ABOUT_RETURN_TYPE = YES_ERROR;
				GCC_WARN_UNDECLARED_SELECTOR = YES;
				GCC_WARN_UNINITIALIZED_AUTOS = YES_AGGRESSIVE;
				GCC_WARN_UNUSED_FUNCTION = YES;
				GCC_WARN_UNUSED_VARIABLE = YES;
				IPHONEOS_DEPLOYMENT_TARGET = 14.5;
				MTL_ENABLE_DEBUG_INFO = INCLUDE_SOURCE;
				MTL_FAST_MATH = YES;
				ONLY_ACTIVE_ARCH = YES;
				SDKROOT = iphoneos;
				SWIFT_ACTIVE_COMPILATION_CONDITIONS = DEBUG;
				SWIFT_OPTIMIZATION_LEVEL = "-Onone";
			};
			name = Debug;
		};
		BF46CB2C26BA6A0500ABE887 /* Release */ = {
			isa = XCBuildConfiguration;
			buildSettings = {
				ALWAYS_SEARCH_USER_PATHS = NO;
				CLANG_ANALYZER_NONNULL = YES;
				CLANG_ANALYZER_NUMBER_OBJECT_CONVERSION = YES_AGGRESSIVE;
				CLANG_CXX_LANGUAGE_STANDARD = "gnu++14";
				CLANG_CXX_LIBRARY = "libc++";
				CLANG_ENABLE_MODULES = YES;
				CLANG_ENABLE_OBJC_ARC = YES;
				CLANG_ENABLE_OBJC_WEAK = YES;
				CLANG_WARN_BLOCK_CAPTURE_AUTORELEASING = YES;
				CLANG_WARN_BOOL_CONVERSION = YES;
				CLANG_WARN_COMMA = YES;
				CLANG_WARN_CONSTANT_CONVERSION = YES;
				CLANG_WARN_DEPRECATED_OBJC_IMPLEMENTATIONS = YES;
				CLANG_WARN_DIRECT_OBJC_ISA_USAGE = YES_ERROR;
				CLANG_WARN_DOCUMENTATION_COMMENTS = YES;
				CLANG_WARN_EMPTY_BODY = YES;
				CLANG_WARN_ENUM_CONVERSION = YES;
				CLANG_WARN_INFINITE_RECURSION = YES;
				CLANG_WARN_INT_CONVERSION = YES;
				CLANG_WARN_NON_LITERAL_NULL_CONVERSION = YES;
				CLANG_WARN_OBJC_IMPLICIT_RETAIN_SELF = YES;
				CLANG_WARN_OBJC_LITERAL_CONVERSION = YES;
				CLANG_WARN_OBJC_ROOT_CLASS = YES_ERROR;
				CLANG_WARN_QUOTED_INCLUDE_IN_FRAMEWORK_HEADER = YES;
				CLANG_WARN_RANGE_LOOP_ANALYSIS = YES;
				CLANG_WARN_STRICT_PROTOTYPES = YES;
				CLANG_WARN_SUSPICIOUS_MOVE = YES;
				CLANG_WARN_UNGUARDED_AVAILABILITY = YES_AGGRESSIVE;
				CLANG_WARN_UNREACHABLE_CODE = YES;
				CLANG_WARN__DUPLICATE_METHOD_MATCH = YES;
				COPY_PHASE_STRIP = NO;
				DEBUG_INFORMATION_FORMAT = "dwarf-with-dsym";
				ENABLE_NS_ASSERTIONS = NO;
				ENABLE_STRICT_OBJC_MSGSEND = YES;
				GCC_C_LANGUAGE_STANDARD = gnu11;
				GCC_NO_COMMON_BLOCKS = YES;
				GCC_WARN_64_TO_32_BIT_CONVERSION = YES;
				GCC_WARN_ABOUT_RETURN_TYPE = YES_ERROR;
				GCC_WARN_UNDECLARED_SELECTOR = YES;
				GCC_WARN_UNINITIALIZED_AUTOS = YES_AGGRESSIVE;
				GCC_WARN_UNUSED_FUNCTION = YES;
				GCC_WARN_UNUSED_VARIABLE = YES;
				IPHONEOS_DEPLOYMENT_TARGET = 14.5;
				MTL_ENABLE_DEBUG_INFO = NO;
				MTL_FAST_MATH = YES;
				SDKROOT = iphoneos;
				SWIFT_COMPILATION_MODE = wholemodule;
				SWIFT_OPTIMIZATION_LEVEL = "-O";
				VALIDATE_PRODUCT = YES;
			};
			name = Release;
		};
		BF46CB2E26BA6A0500ABE887 /* Debug */ = {
			isa = XCBuildConfiguration;
			buildSettings = {
				ASSETCATALOG_COMPILER_APPICON_NAME = AppIcon;
				ASSETCATALOG_COMPILER_GLOBAL_ACCENT_COLOR_NAME = AccentColor;
				CODE_SIGN_STYLE = Automatic;
				DEVELOPMENT_ASSET_PATHS = "\"NotAnApi/Preview Content\"";
				ENABLE_PREVIEWS = YES;
				INFOPLIST_FILE = NotAnApi/Info.plist;
				IPHONEOS_DEPLOYMENT_TARGET = 14.0;
				LD_RUNPATH_SEARCH_PATHS = (
					"$(inherited)",
					"@executable_path/Frameworks",
				);
				PRODUCT_BUNDLE_IDENTIFIER = TuckerG.NotAnApi;
				PRODUCT_NAME = "$(TARGET_NAME)";
				SWIFT_VERSION = 5.0;
				TARGETED_DEVICE_FAMILY = "1,2";
			};
			name = Debug;
		};
		BF46CB2F26BA6A0500ABE887 /* Release */ = {
			isa = XCBuildConfiguration;
			buildSettings = {
				ASSETCATALOG_COMPILER_APPICON_NAME = AppIcon;
				ASSETCATALOG_COMPILER_GLOBAL_ACCENT_COLOR_NAME = AccentColor;
				CODE_SIGN_STYLE = Automatic;
				DEVELOPMENT_ASSET_PATHS = "\"NotAnApi/Preview Content\"";
				ENABLE_PREVIEWS = YES;
				INFOPLIST_FILE = NotAnApi/Info.plist;
				IPHONEOS_DEPLOYMENT_TARGET = 14.0;
				LD_RUNPATH_SEARCH_PATHS = (
					"$(inherited)",
					"@executable_path/Frameworks",
				);
				PRODUCT_BUNDLE_IDENTIFIER = TuckerG.NotAnApi;
				PRODUCT_NAME = "$(TARGET_NAME)";
				SWIFT_VERSION = 5.0;
				TARGETED_DEVICE_FAMILY = "1,2";
			};
			name = Release;
		};
		BF46CB3126BA6A0500ABE887 /* Debug */ = {
			isa = XCBuildConfiguration;
			buildSettings = {
				ALWAYS_EMBED_SWIFT_STANDARD_LIBRARIES = YES;
				BUNDLE_LOADER = "$(TEST_HOST)";
				CODE_SIGN_STYLE = Automatic;
				INFOPLIST_FILE = NotAnApiTests/Info.plist;
				IPHONEOS_DEPLOYMENT_TARGET = 14.0;
				LD_RUNPATH_SEARCH_PATHS = (
					"$(inherited)",
					"@executable_path/Frameworks",
					"@loader_path/Frameworks",
				);
				PRODUCT_BUNDLE_IDENTIFIER = TuckerG.NotAnApiTests;
				PRODUCT_NAME = "$(TARGET_NAME)";
				SWIFT_VERSION = 5.0;
				TARGETED_DEVICE_FAMILY = "1,2";
				TEST_HOST = "$(BUILT_PRODUCTS_DIR)/NotAnApi.app/NotAnApi";
			};
			name = Debug;
		};
		BF46CB3226BA6A0500ABE887 /* Release */ = {
			isa = XCBuildConfiguration;
			buildSettings = {
				ALWAYS_EMBED_SWIFT_STANDARD_LIBRARIES = YES;
				BUNDLE_LOADER = "$(TEST_HOST)";
				CODE_SIGN_STYLE = Automatic;
				INFOPLIST_FILE = NotAnApiTests/Info.plist;
				IPHONEOS_DEPLOYMENT_TARGET = 14.0;
				LD_RUNPATH_SEARCH_PATHS = (
					"$(inherited)",
					"@executable_path/Frameworks",
					"@loader_path/Frameworks",
				);
				PRODUCT_BUNDLE_IDENTIFIER = TuckerG.NotAnApiTests;
				PRODUCT_NAME = "$(TARGET_NAME)";
				SWIFT_VERSION = 5.0;
				TARGETED_DEVICE_FAMILY = "1,2";
				TEST_HOST = "$(BUILT_PRODUCTS_DIR)/NotAnApi.app/NotAnApi";
			};
			name = Release;
		};
		BF46CB3426BA6A0500ABE887 /* Debug */ = {
			isa = XCBuildConfiguration;
			buildSettings = {
				ALWAYS_EMBED_SWIFT_STANDARD_LIBRARIES = YES;
				CODE_SIGN_STYLE = Automatic;
				INFOPLIST_FILE = NotAnApiUITests/Info.plist;
				LD_RUNPATH_SEARCH_PATHS = (
					"$(inherited)",
					"@executable_path/Frameworks",
					"@loader_path/Frameworks",
				);
				PRODUCT_BUNDLE_IDENTIFIER = TuckerG.NotAnApiUITests;
				PRODUCT_NAME = "$(TARGET_NAME)";
				SWIFT_VERSION = 5.0;
				TARGETED_DEVICE_FAMILY = "1,2";
				TEST_TARGET_NAME = NotAnApi;
			};
			name = Debug;
		};
		BF46CB3526BA6A0500ABE887 /* Release */ = {
			isa = XCBuildConfiguration;
			buildSettings = {
				ALWAYS_EMBED_SWIFT_STANDARD_LIBRARIES = YES;
				CODE_SIGN_STYLE = Automatic;
				INFOPLIST_FILE = NotAnApiUITests/Info.plist;
				LD_RUNPATH_SEARCH_PATHS = (
					"$(inherited)",
					"@executable_path/Frameworks",
					"@loader_path/Frameworks",
				);
				PRODUCT_BUNDLE_IDENTIFIER = TuckerG.NotAnApiUITests;
				PRODUCT_NAME = "$(TARGET_NAME)";
				SWIFT_VERSION = 5.0;
				TARGETED_DEVICE_FAMILY = "1,2";
				TEST_TARGET_NAME = NotAnApi;
			};
			name = Release;
		};
/* End XCBuildConfiguration section */

/* Begin XCConfigurationList section */
		BF46CB0326BA6A0100ABE887 /* Build configuration list for PBXProject "NotAnApi" */ = {
			isa = XCConfigurationList;
			buildConfigurations = (
				BF46CB2B26BA6A0500ABE887 /* Debug */,
				BF46CB2C26BA6A0500ABE887 /* Release */,
			);
			defaultConfigurationIsVisible = 0;
			defaultConfigurationName = Release;
		};
		BF46CB2D26BA6A0500ABE887 /* Build configuration list for PBXNativeTarget "NotAnApi" */ = {
			isa = XCConfigurationList;
			buildConfigurations = (
				BF46CB2E26BA6A0500ABE887 /* Debug */,
				BF46CB2F26BA6A0500ABE887 /* Release */,
			);
			defaultConfigurationIsVisible = 0;
			defaultConfigurationName = Release;
		};
		BF46CB3026BA6A0500ABE887 /* Build configuration list for PBXNativeTarget "NotAnApiTests" */ = {
			isa = XCConfigurationList;
			buildConfigurations = (
				BF46CB3126BA6A0500ABE887 /* Debug */,
				BF46CB3226BA6A0500ABE887 /* Release */,
			);
			defaultConfigurationIsVisible = 0;
			defaultConfigurationName = Release;
		};
		BF46CB3326BA6A0500ABE887 /* Build configuration list for PBXNativeTarget "NotAnApiUITests" */ = {
			isa = XCConfigurationList;
			buildConfigurations = (
				BF46CB3426BA6A0500ABE887 /* Debug */,
				BF46CB3526BA6A0500ABE887 /* Release */,
			);
			defaultConfigurationIsVisible = 0;
			defaultConfigurationName = Release;
		};
/* End XCConfigurationList section */
	};
	rootObject = BF46CB0026BA6A0100ABE887 /* Project object */;
}
